
Microsoft Visual Studio Solution File, Format Version 12.00
# Visual Studio Version 17
VisualStudioVersion = 17.2.32526.322
MinimumVisualStudioVersion = 10.0.40219.1
Project("{FAE04EC0-301F-11D3-BF4B-00C04F79EFBC}") = "ZOOLOGICO_Proyecto_IO", "Granja_Proyecto_IO\ZOOLOGICO_Proyecto_IO.csproj", "{CDECA833-4F94-4C14-87D2-10531B42016E}"
EndProject
Project("{FAE04EC0-301F-11D3-BF4B-00C04F79EFBC}") = "CTR", "CTR\CTR.csproj", "{1574558C-8FF2-4BE6-BA7D-D6D9DC334AC5}"
EndProject
Project("{FAE04EC0-301F-11D3-BF4B-00C04F79EFBC}") = "DAO", "DAO\DAO.csproj", "{8BD5AC2C-EBCE-40BA-9ECC-DE16527742DF}"
EndProject
Project("{FAE04EC0-301F-11D3-BF4B-00C04F79EFBC}") = "DTO", "DTO\DTO.csproj", "{349E5141-17E3-4957-8953-239CDE860EE4}"
EndProject
Global
	GlobalSection(SolutionConfigurationPlatforms) = preSolution
		Debug|Any CPU = Debug|Any CPU
		Debug|ARM = Debug|ARM
		Debug|ARM64 = Debug|ARM64
		Debug|x64 = Debug|x64
		Debug|x86 = Debug|x86
		Release|Any CPU = Release|Any CPU
		Release|ARM = Release|ARM
		Release|ARM64 = Release|ARM64
		Release|x64 = Release|x64
		Release|x86 = Release|x86
	EndGlobalSection
	GlobalSection(ProjectConfigurationPlatforms) = postSolution
		{CDECA833-4F94-4C14-87D2-10531B42016E}.Debug|Any CPU.ActiveCfg = Debug|Any CPU
		{CDECA833-4F94-4C14-87D2-10531B42016E}.Debug|Any CPU.Build.0 = Debug|Any CPU
		{CDECA833-4F94-4C14-87D2-10531B42016E}.Debug|ARM.ActiveCfg = Debug|Any CPU
		{CDECA833-4F94-4C14-87D2-10531B42016E}.Debug|ARM.Build.0 = Debug|Any CPU
		{CDECA833-4F94-4C14-87D2-10531B42016E}.Debug|ARM64.ActiveCfg = Debug|Any CPU
		{CDECA833-4F94-4C14-87D2-10531B42016E}.Debug|ARM64.Build.0 = Debug|Any CPU
		{CDECA833-4F94-4C14-87D2-10531B42016E}.Debug|x64.ActiveCfg = Debug|Any CPU
		{CDECA833-4F94-4C14-87D2-10531B42016E}.Debug|x64.Build.0 = Debug|Any CPU
		{CDECA833-4F94-4C14-87D2-10531B42016E}.Debug|x86.ActiveCfg = Debug|Any CPU
		{CDECA833-4F94-4C14-87D2-10531B42016E}.Debug|x86.Build.0 = Debug|Any CPU
		{CDECA833-4F94-4C14-87D2-10531B42016E}.Release|Any CPU.ActiveCfg = Release|Any CPU
		{CDECA833-4F94-4C14-87D2-10531B42016E}.Release|Any CPU.Build.0 = Release|Any CPU
		{CDECA833-4F94-4C14-87D2-10531B42016E}.Release|ARM.ActiveCfg = Release|Any CPU
		{CDECA833-4F94-4C14-87D2-10531B42016E}.Release|ARM.Build.0 = Release|Any CPU
		{CDECA833-4F94-4C14-87D2-10531B42016E}.Release|ARM64.ActiveCfg = Release|Any CPU
		{CDECA833-4F94-4C14-87D2-10531B42016E}.Release|ARM64.Build.0 = Release|Any CPU
		{CDECA833-4F94-4C14-87D2-10531B42016E}.Release|x64.ActiveCfg = Release|Any CPU
		{CDECA833-4F94-4C14-87D2-10531B42016E}.Release|x64.Build.0 = Release|Any CPU
		{CDECA833-4F94-4C14-87D2-10531B42016E}.Release|x86.ActiveCfg = Release|Any CPU
		{CDECA833-4F94-4C14-87D2-10531B42016E}.Release|x86.Build.0 = Release|Any CPU
		{1574558C-8FF2-4BE6-BA7D-D6D9DC334AC5}.Debug|Any CPU.ActiveCfg = Debug|Any CPU
		{1574558C-8FF2-4BE6-BA7D-D6D9DC334AC5}.Debug|Any CPU.Build.0 = Debug|Any CPU
		{1574558C-8FF2-4BE6-BA7D-D6D9DC334AC5}.Debug|ARM.ActiveCfg = Debug|Any CPU
		{1574558C-8FF2-4BE6-BA7D-D6D9DC334AC5}.Debug|ARM.Build.0 = Debug|Any CPU
		{1574558C-8FF2-4BE6-BA7D-D6D9DC334AC5}.Debug|ARM64.ActiveCfg = Debug|Any CPU
		{1574558C-8FF2-4BE6-BA7D-D6D9DC334AC5}.Debug|ARM64.Build.0 = Debug|Any CPU
		{1574558C-8FF2-4BE6-BA7D-D6D9DC334AC5}.Debug|x64.ActiveCfg = Debug|Any CPU
		{1574558C-8FF2-4BE6-BA7D-D6D9DC334AC5}.Debug|x64.Build.0 = Debug|Any CPU
		{1574558C-8FF2-4BE6-BA7D-D6D9DC334AC5}.Debug|x86.ActiveCfg = Debug|Any CPU
		{1574558C-8FF2-4BE6-BA7D-D6D9DC334AC5}.Debug|x86.Build.0 = Debug|Any CPU
		{1574558C-8FF2-4BE6-BA7D-D6D9DC334AC5}.Release|Any CPU.ActiveCfg = Release|Any CPU
		{1574558C-8FF2-4BE6-BA7D-D6D9DC334AC5}.Release|Any CPU.Build.0 = Release|Any CPU
		{1574558C-8FF2-4BE6-BA7D-D6D9DC334AC5}.Release|ARM.ActiveCfg = Release|Any CPU
		{1574558C-8FF2-4BE6-BA7D-D6D9DC334AC5}.Release|ARM.Build.0 = Release|Any CPU
		{1574558C-8FF2-4BE6-BA7D-D6D9DC334AC5}.Release|ARM64.ActiveCfg = Release|Any CPU
		{1574558C-8FF2-4BE6-BA7D-D6D9DC334AC5}.Release|ARM64.Build.0 = Release|Any CPU
		{1574558C-8FF2-4BE6-BA7D-D6D9DC334AC5}.Release|x64.ActiveCfg = Release|Any CPU
		{1574558C-8FF2-4BE6-BA7D-D6D9DC334AC5}.Release|x64.Build.0 = Release|Any CPU
		{1574558C-8FF2-4BE6-BA7D-D6D9DC334AC5}.Release|x86.ActiveCfg = Release|Any CPU
		{1574558C-8FF2-4BE6-BA7D-D6D9DC334AC5}.Release|x86.Build.0 = Release|Any CPU
		{8BD5AC2C-EBCE-40BA-9ECC-DE16527742DF}.Debug|Any CPU.ActiveCfg = Debug|Any CPU
		{8BD5AC2C-EBCE-40BA-9ECC-DE16527742DF}.Debug|Any CPU.Build.0 = Debug|Any CPU
		{8BD5AC2C-EBCE-40BA-9ECC-DE16527742DF}.Debug|ARM.ActiveCfg = Debug|Any CPU
		{8BD5AC2C-EBCE-40BA-9ECC-DE16527742DF}.Debug|ARM.Build.0 = Debug|Any CPU
		{8BD5AC2C-EBCE-40BA-9ECC-DE16527742DF}.Debug|ARM64.ActiveCfg = Debug|Any CPU
		{8BD5AC2C-EBCE-40BA-9ECC-DE16527742DF}.Debug|ARM64.Build.0 = Debug|Any CPU
		{8BD5AC2C-EBCE-40BA-9ECC-DE16527742DF}.Debug|x64.ActiveCfg = Debug|Any CPU
		{8BD5AC2C-EBCE-40BA-9ECC-DE16527742DF}.Debug|x64.Build.0 = Debug|Any CPU
		{8BD5AC2C-EBCE-40BA-9ECC-DE16527742DF}.Debug|x86.ActiveCfg = Debug|Any CPU
		{8BD5AC2C-EBCE-40BA-9ECC-DE16527742DF}.Debug|x86.Build.0 = Debug|Any CPU
		{8BD5AC2C-EBCE-40BA-9ECC-DE16527742DF}.Release|Any CPU.ActiveCfg = Release|Any CPU
		{8BD5AC2C-EBCE-40BA-9ECC-DE16527742DF}.Release|Any CPU.Build.0 = Release|Any CPU
		{8BD5AC2C-EBCE-40BA-9ECC-DE16527742DF}.Release|ARM.ActiveCfg = Release|Any CPU
		{8BD5AC2C-EBCE-40BA-9ECC-DE16527742DF}.Release|ARM.Build.0 = Release|Any CPU
		{8BD5AC2C-EBCE-40BA-9ECC-DE16527742DF}.Release|ARM64.ActiveCfg = Release|Any CPU
		{8BD5AC2C-EBCE-40BA-9ECC-DE16527742DF}.Release|ARM64.Build.0 = Release|Any CPU
		{8BD5AC2C-EBCE-40BA-9ECC-DE16527742DF}.Release|x64.ActiveCfg = Release|Any CPU
		{8BD5AC2C-EBCE-40BA-9ECC-DE16527742DF}.Release|x64.Build.0 = Release|Any CPU
		{8BD5AC2C-EBCE-40BA-9ECC-DE16527742DF}.Release|x86.ActiveCfg = Release|Any CPU
		{8BD5AC2C-EBCE-40BA-9ECC-DE16527742DF}.Release|x86.Build.0 = Release|Any CPU
		{349E5141-17E3-4957-8953-239CDE860EE4}.Debug|Any CPU.ActiveCfg = Debug|Any CPU
		{349E5141-17E3-4957-8953-239CDE860EE4}.Debug|Any CPU.Build.0 = Debug|Any CPU
		{349E5141-17E3-4957-8953-239CDE860EE4}.Debug|ARM.ActiveCfg = Debug|Any CPU
		{349E5141-17E3-4957-8953-239CDE860EE4}.Debug|ARM.Build.0 = Debug|Any CPU
		{349E5141-17E3-4957-8953-239CDE860EE4}.Debug|ARM64.ActiveCfg = Debug|Any CPU
		{349E5141-17E3-4957-8953-239CDE860EE4}.Debug|ARM64.Build.0 = Debug|Any CPU
		{349E5141-17E3-4957-8953-239CDE860EE4}.Debug|x64.ActiveCfg = Debug|Any CPU
		{349E5141-17E3-4957-8953-239CDE860EE4}.Debug|x64.Build.0 = Debug|Any CPU
		{349E5141-17E3-4957-8953-239CDE860EE4}.Debug|x86.ActiveCfg = Debug|Any CPU
		{349E5141-17E3-4957-8953-239CDE860EE4}.Debug|x86.Build.0 = Debug|Any CPU
		{349E5141-17E3-4957-8953-239CDE860EE4}.Release|Any CPU.ActiveCfg = Release|Any CPU
		{349E5141-17E3-4957-8953-239CDE860EE4}.Release|Any CPU.Build.0 = Release|Any CPU
		{349E5141-17E3-4957-8953-239CDE860EE4}.Release|ARM.ActiveCfg = Release|Any CPU
		{349E5141-17E3-4957-8953-239CDE860EE4}.Release|ARM.Build.0 = Release|Any CPU
		{349E5141-17E3-4957-8953-239CDE860EE4}.Release|ARM64.ActiveCfg = Release|Any CPU
		{349E5141-17E3-4957-8953-239CDE860EE4}.Release|ARM64.Build.0 = Release|Any CPU
		{349E5141-17E3-4957-8953-239CDE860EE4}.Release|x64.ActiveCfg = Release|Any CPU
		{349E5141-17E3-4957-8953-239CDE860EE4}.Release|x64.Build.0 = Release|Any CPU
		{349E5141-17E3-4957-8953-239CDE860EE4}.Release|x86.ActiveCfg = Release|Any CPU
		{349E5141-17E3-4957-8953-239CDE860EE4}.Release|x86.Build.0 = Release|Any CPU
	EndGlobalSection
	GlobalSection(SolutionProperties) = preSolution
		HideSolutionNode = FALSE
	EndGlobalSection
	GlobalSection(ExtensibilityGlobals) = postSolution
		SolutionGuid = {5A57F16C-4B2B-4D95-878B-83FF64632EFE}
	EndGlobalSection
EndGlobal
